
Microsoft Visual Studio Solution File, Format Version 12.00
# Visual Studio Version 17
VisualStudioVersion = 17.2.32519.379
MinimumVisualStudioVersion = 10.0.40219.1
Project("{9A19103F-16F7-4668-BE54-9A1E7A4F7556}") = "MyApi", "MyApi\MyApi.csproj", "{AF08DF25-0D78-497E-A936-BF8B8B019D8A}"
EndProject
Global
	GlobalSection(SolutionConfigurationPlatforms) = preSolution
		Debug|Any CPU = Debug|Any CPU
		Release|Any CPU = Release|Any CPU
	EndGlobalSection
	GlobalSection(ProjectConfigurationPlatforms) = postSolution
		{AF08DF25-0D78-497E-A936-BF8B8B019D8A}.Debug|Any CPU.ActiveCfg = Debug|Any CPU
		{AF08DF25-0D78-497E-A936-BF8B8B019D8A}.Debug|Any CPU.Build.0 = Debug|Any CPU
		{AF08DF25-0D78-497E-A936-BF8B8B019D8A}.Release|Any CPU.ActiveCfg = Release|Any CPU
		{AF08DF25-0D78-497E-A936-BF8B8B019D8A}.Release|Any CPU.Build.0 = Release|Any CPU
	EndGlobalSection
	GlobalSection(SolutionProperties) = preSolution
		HideSolutionNode = FALSE
	EndGlobalSection
	GlobalSection(ExtensibilityGlobals) = postSolution
		SolutionGuid = {A9B72676-5517-4896-A5B6-7B09A2F8B0EE}
	EndGlobalSection
EndGlobal
